{
  "name": "Jogo",
  "lockfileVersion": 3,
  "requires": true,
  "packages": {
    "": {
      "dependencies": {
        "howl": "^0.2.0",
        "howler": "^2.2.4"
      },
      "devDependencies": {
        "@types/howler": "^2.2.12"
      }
    },
    "node_modules/@types/howler": {
      "version": "2.2.12",
      "resolved": "https://registry.npmjs.org/@types/howler/-/howler-2.2.12.tgz",
      "integrity": "sha512-hy769UICzOSdK0Kn1FBk4gN+lswcj1EKRkmiDtMkUGvFfYJzgaDXmVXkSShS2m89ERAatGIPnTUlp2HhfkVo5g==",
      "dev": true,
      "license": "MIT"
    },
    "node_modules/howl": {
      "version": "0.2.0",
      "resolved": "https://registry.npmjs.org/howl/-/howl-0.2.0.tgz",
      "integrity": "sha512-JFeFOuzpTSB5iXTcZBjyfGXwb4bvx0nbLoETK47EOBrDRuVNwHY69HEQWQp9qx16gdcdiTtzr3JGK+UyXaI7mA==",
      "license": "ISC",
      "dependencies": {
        "typescript": "latest"
      }
    },
    "node_modules/howler": {
      "version": "2.2.4",
      "resolved": "https://registry.npmjs.org/howler/-/howler-2.2.4.tgz",
      "integrity": "sha512-iARIBPgcQrwtEr+tALF+rapJ8qSc+Set2GJQl7xT1MQzWaVkFebdJhR3alVlSiUf5U7nAANKuj3aWpwerocD5w==",
      "license": "MIT"
    },
    "node_modules/typescript": {
      "version": "5.8.3",
      "resolved": "https://registry.npmjs.org/typescript/-/typescript-5.8.3.tgz",
      "integrity": "sha512-p1diW6TqL9L07nNxvRMM7hMMw4c5XOo/1ibL4aAIGmSAt9slTE1Xgw5KWuof2uTOvCg9BY7ZRi+GaF+7sfgPeQ==",
      "license": "Apache-2.0",
      "bin": {
        "tsc": "bin/tsc",
        "tsserver": "bin/tsserver"
      },
      "engines": {
        "node": ">=14.17"
      }
    }
  }
}
